
Microsoft Visual Studio Solution File, Format Version 12.00
# Visual Studio Version 17
VisualStudioVersion = 17.14.36518.9
MinimumVisualStudioVersion = 10.0.40219.1
Project("{FAE04EC0-301F-11D3-BF4B-00C04F79EFBC}") = "ManejoPresupuesto", "ManejoPresupuesto.csproj", "{49FCED25-2D6D-4590-B6A2-154EC8C06153}"
EndProject
Global
	GlobalSection(SolutionConfigurationPlatforms) = preSolution
		Debug|Any CPU = Debug|Any CPU
		Release|Any CPU = Release|Any CPU
	EndGlobalSection
	GlobalSection(ProjectConfigurationPlatforms) = postSolution
		{49FCED25-2D6D-4590-B6A2-154EC8C06153}.Debug|Any CPU.ActiveCfg = Debug|Any CPU
		{49FCED25-2D6D-4590-B6A2-154EC8C06153}.Debug|Any CPU.Build.0 = Debug|Any CPU
		{49FCED25-2D6D-4590-B6A2-154EC8C06153}.Release|Any CPU.ActiveCfg = Release|Any CPU
		{49FCED25-2D6D-4590-B6A2-154EC8C06153}.Release|Any CPU.Build.0 = Release|Any CPU
	EndGlobalSection
	GlobalSection(SolutionProperties) = preSolution
		HideSolutionNode = FALSE
	EndGlobalSection
	GlobalSection(ExtensibilityGlobals) = postSolution
		SolutionGuid = {D07F8E66-3894-4DC1-8711-A2F3FC4E8B40}
	EndGlobalSection
EndGlobal
